345d9c304ad672b2b66335eacfb13e7ca6f688c4
4b6b4e2adc554149f72624a53ab9972a61314970
fa10db2b891c9091cb1c20fcfb695620faaca6cf
a569af3c2d0e673c78a285347c833820f3d5626a
6a89fdb985be31e02a2ef1f93b34a444b408a148
bffcbb2bbe59df0fc2b8e9fc8877f80c7babb409
5e9aee7bc06aabc932c82e755f67ded87d031bf8
6e69e13f99074c555b072c25cf5b9182b5848261
bc47f48758de7a6b9f2b97595c1214dd7680ca1f
9811c23e53ace8ea5b6986b5c818dabc97c2ca86
622e8feb09c6723d10bbced8932aa5573fc0bd89
386fa084093c4c9019504ca6d9f30476d4aec7a7
e75ba6ab3187349d28922d60c0439c941c61d154
b0dc0337b692170f35028777c3093296e8a76367
1f08a82e9fa727734adaa2d833b18257d3038d6f
65d498aeb82d1301cd2863c3e2e5917dc43f562b
c4f40280ce8915f0abd5a5ca6103779558a47d22
996060486e729b741774ac15f6667f134359cf5f
3cdda2ac2ac1c5498176f0bc4f2178581e963eb8
c9b125d40e083ff72bde03db90fff82af530c6b8
cc474ab050dea9dd0f95a08845f5feb4b6291c80
134465ddd23e7fec035d524e0fc5017760ef00dc
2bb115a10d9e2b5196d65f1d352ddddd44dd2cf4
402c5cc9d476e57c9d2277b833294f08469f1eac
200589ece27731a631af8d4e7a49b7593b1dda17
a342a6128223c2d9881be0ffc1676d23d786da5d
0615381af18308208181671e65bea4aa78a9aa47
42f935b451d40dc4d69ab8590007f982490a55a6
af811fcb8c3340f9afe565084513a2768cc8fa32
4c66484b535a4d82c34fd2cd1bc0dd6481ae2469